{
    "requires": true,
    "lockfileVersion": 1,
    "dependencies": {
        "@fortawesome/fontawesome": {
            "version": "1.1.8",
            "resolved": "https://registry.npmjs.org/@fortawesome/fontawesome/-/fontawesome-1.1.8.tgz",
            "integrity": "sha512-c0/MtkPVT0fmiFcCyYoPjkG9PkMOvfrZw2+0BaJ+Rh6UEcK1AR/LaRgrHHjUkbAbs9LXxQJhFS8CJ4uSnK2+JA==",
            "requires": {
                "@fortawesome/fontawesome-common-types": "0.1.7"
            }
        },
        "@fortawesome/fontawesome-common-types": {
            "version": "0.1.7",
            "resolved": "https://registry.npmjs.org/@fortawesome/fontawesome-common-types/-/fontawesome-common-types-0.1.7.tgz",
            "integrity": "sha512-ego8jRVSHfq/iq4KRZJKQeUAdi3ZjGNrqw4oPN3fNdvTBnLCSntwVCnc37bsAJP9UB8MhrTfPnZYxkv2vpS4pg=="
        },
        "bulma": {
            "version": "0.7.1",
            "resolved": "https://registry.npmjs.org/bulma/-/bulma-0.7.1.tgz",
            "integrity": "sha512-wRSO2LXB+qI9Pyz2id+uZr4quz5aftSN7Ay1ysr1+krzVp3utD+Ci4CeKuZdrYGc800t65b7heXBL6qw2Wo/lQ==",
            "dev": true
        },
        "bulma-carousel": {
            "version": "2.0.12",
            "resolved": "https://registry.npmjs.org/bulma-carousel/-/bulma-carousel-2.0.12.tgz",
            "integrity": "sha1-Q8mxXdcEK8aKqWyKUoMqKjP0u4s=",
            "dev": true
        }
    }
}
